# This file is generated by running "yarn install" inside your project.
# Manual changes might be lost - proceed with caution!

__metadata:
  version: 6
  cacheKey: 6

"@types/eslint-scope@npm:^3.7.3":
  version: 3.7.3
  resolution: "@types/eslint-scope@npm:3.7.3"
  dependencies:
    "@types/eslint": "*"
    "@types/estree": "*"
  checksum: bef49cc2e838cefeed8c6fc326e4a385098f2be72f77a61f7dc0ab155c413c25fad5529e545059187b69bd0401c9a1c33791116d857378b5c137f7fdbe914875
  languageName: node
  linkType: hard

"@types/eslint@npm:*":
  version: 8.4.1
  resolution: "@types/eslint@npm:8.4.1"
  dependencies:
    "@types/estree": "*"
    "@types/json-schema": "*"
  checksum: ecf395eef1e1e65be19a1ffdf6c6ded9760408f764909a1a6c44b4b3fa768bcad3f286806271a09aa307a5710636b942f48cdde0edd79aae69b4ca51e05dc4b4
  languageName: node
  linkType: hard

"@types/estree@npm:*, @types/estree@npm:^0.0.51":
  version: 0.0.51
  resolution: "@types/estree@npm:0.0.51"
  checksum: b67a490e5b0b5e7f532912eb4ba3231df6c3eb73b71d8fea2d445f71da6058c204bf0c4ba05c1d7877e4c77428f929bc51cf683ae19eeaf33dc12b79168208ab
  languageName: node
  linkType: hard

"@types/json-schema@npm:*, @types/json-schema@npm:^7.0.8":
  version: 7.0.11
  resolution: "@types/json-schema@npm:7.0.11"
  checksum: 5f32333a4f4e3c1824dd098f366822df4ebe56fed9c3880beec91f4d18b4c242d6d3a458bfcc7df9ddcd2a5f042bb612d70b56a91d54c67fecc7ee33b6db3dc7
  languageName: node
  linkType: hard

"@types/node@npm:*":
  version: 17.0.25
  resolution: "@types/node@npm:17.0.25"
  checksum: 2375b7f6bfb4cf2afc1f4e029f33d234545622e9146eb020ab663406e5c75797d367a2382fc79837e56d8bf1c478ee3964285a7e1cd4f0ae34a247d9f217ed64
  languageName: node
  linkType: hard

"@webassemblyjs/ast@npm:1.11.1":
  version: 1.11.1
  resolution: "@webassemblyjs/ast@npm:1.11.1"
  dependencies:
    "@webassemblyjs/helper-numbers": 1.11.1
    "@webassemblyjs/helper-wasm-bytecode": 1.11.1
  checksum: a0cb0bf8857f27bf7fc422faf1f673715554fd20aecc6c711eba5a4539a5bbe4ffa914d3dcff8d4dde3f70242d5637257b524ffa28de9dc08f85366af812068f
  languageName: node
  linkType: hard

"@webassemblyjs/floating-point-hex-parser@npm:1.11.1":
  version: 1.11.1
  resolution: "@webassemblyjs/floating-point-hex-parser@npm:1.11.1"
  checksum: b2a0dfb370d3edcf601695ffb2371fecae4f61be29d48039f45fbe9e552b0541cd074cd1d438133519246392a006be5a5e2710b0652152990f7923ae83a8045c
  languageName: node
  linkType: hard

"@webassemblyjs/helper-api-error@npm:1.11.1":
  version: 1.11.1
  resolution: "@webassemblyjs/helper-api-error@npm:1.11.1"
  checksum: 4343823f89add10a90d2173ea32025b6e8e83a4c2035a289a15587d3592b0a75f4a8ed20fcf5b716c889f8e1361eabb21cfb43ac19ca2f29a32a08a2629d2948
  languageName: node
  linkType: hard

"@webassemblyjs/helper-buffer@npm:1.11.1":
  version: 1.11.1
  resolution: "@webassemblyjs/helper-buffer@npm:1.11.1"
  checksum: 74e4d2b56f26de73a773633f2d05fd10141bf65ee4e59ad479caa11e90ddbfacf90ad526db51195130d776a1e6a72930d2dcdea9ca8ec231cab60b040ca2928d
  languageName: node
  linkType: hard

"@webassemblyjs/helper-numbers@npm:1.11.1":
  version: 1.11.1
  resolution: "@webassemblyjs/helper-numbers@npm:1.11.1"
  dependencies:
    "@webassemblyjs/floating-point-hex-parser": 1.11.1
    "@webassemblyjs/helper-api-error": 1.11.1
    "@xtuc/long": 4.2.2
  checksum: e61dce0d444f3bb33f77c2dd0c8922c93ccf018caa5a204713d65f9c2896e1ba867d3446ddc42044291d24159a26db28370bc9666a96b68057fc7ca853b6f0e8
  languageName: node
  linkType: hard

"@webassemblyjs/helper-wasm-bytecode@npm:1.11.1":
  version: 1.11.1
  resolution: "@webassemblyjs/helper-wasm-bytecode@npm:1.11.1"
  checksum: 346e74808badcc1252afa5dc7e10905d13da0d9a1e739803f1694cecd706a1dfd4441fe5341358cf486b08c3f171bbd8890a73ff63113aa34d382b5b756a53bc
  languageName: node
  linkType: hard

"@webassemblyjs/helper-wasm-section@npm:1.11.1":
  version: 1.11.1
  resolution: "@webassemblyjs/helper-wasm-section@npm:1.11.1"
  dependencies:
    "@webassemblyjs/ast": 1.11.1
    "@webassemblyjs/helper-buffer": 1.11.1
    "@webassemblyjs/helper-wasm-bytecode": 1.11.1
    "@webassemblyjs/wasm-gen": 1.11.1
  checksum: 4f965c0727908f825975eeb20e83883281800137298bbbaccb14c3f3e38c02130d0dba1b7936bbb66570787229987627df25997520a6e24de676e5bc2671f5f3
  languageName: node
  linkType: hard

"@webassemblyjs/ieee754@npm:1.11.1":
  version: 1.11.1
  resolution: "@webassemblyjs/ieee754@npm:1.11.1"
  dependencies:
    "@xtuc/ieee754": ^1.2.0
  checksum: 4b6d5ac2bd97abf9461ef4349834913940d4bd7dd373b84f46bbb95df4da3af82927dbeddfa62cc659eeca17d5dbe497cd2310e63350e2916048fb2eeb0ad64f
  languageName: node
  linkType: hard

"@webassemblyjs/leb128@npm:1.11.1":
  version: 1.11.1
  resolution: "@webassemblyjs/leb128@npm:1.11.1"
  dependencies:
    "@xtuc/long": 4.2.2
  checksum: 55599ff842820187f2cbe8deeba66080b59e1a9a6b5cbc7197d7d8217f8368ef6050bc0ee16015f1a923687188388c11d7716f63beb9344f2d82ad134f90dce4
  languageName: node
  linkType: hard

"@webassemblyjs/utf8@npm:1.11.1":
  version: 1.11.1
  resolution: "@webassemblyjs/utf8@npm:1.11.1"
  checksum: ae7b567f4e93f0020164cec58d82b16db9aa3084d1d5fe90948354426a8954f227d833d8f45878ae81709965b7915ed6b32fa14288b336206ecfbaa148e4a4ee
  languageName: node
  linkType: hard

"@webassemblyjs/wasm-edit@npm:1.11.1":
  version: 1.11.1
  resolution: "@webassemblyjs/wasm-edit@npm:1.11.1"
  dependencies:
    "@webassemblyjs/ast": 1.11.1
    "@webassemblyjs/helper-buffer": 1.11.1
    "@webassemblyjs/helper-wasm-bytecode": 1.11.1
    "@webassemblyjs/helper-wasm-section": 1.11.1
    "@webassemblyjs/wasm-gen": 1.11.1
    "@webassemblyjs/wasm-opt": 1.11.1
    "@webassemblyjs/wasm-parser": 1.11.1
    "@webassemblyjs/wast-printer": 1.11.1
  checksum: 6829914b9c4cb4b3392c84cbf2454737efdcaf8b6ec95b47b46774f427005c06bf5c7f2f6a2eec8e2cd20b38183536c95e6f06787be3be1b6ac5f6fc6e039f78
  languageName: node
  linkType: hard

"@webassemblyjs/wasm-gen@npm:1.11.1":
  version: 1.11.1
  resolution: "@webassemblyjs/wasm-gen@npm:1.11.1"
  dependencies:
    "@webassemblyjs/ast": 1.11.1
    "@webassemblyjs/helper-wasm-bytecode": 1.11.1
    "@webassemblyjs/ieee754": 1.11.1
    "@webassemblyjs/leb128": 1.11.1
    "@webassemblyjs/utf8": 1.11.1
  checksum: 113634e31222cfa65416272dee875553af6bbbaebd48a5a28b41514b54ce789173d8ab921e19c0e65152947ef18cccb1f2cf234dd705e8993b70339c7a182f87
  languageName: node
  linkType: hard

"@webassemblyjs/wasm-opt@npm:1.11.1":
  version: 1.11.1
  resolution: "@webassemblyjs/wasm-opt@npm:1.11.1"
  dependencies:
    "@webassemblyjs/ast": 1.11.1
    "@webassemblyjs/helper-buffer": 1.11.1
    "@webassemblyjs/wasm-gen": 1.11.1
    "@webassemblyjs/wasm-parser": 1.11.1
  checksum: 55db19893d9b2d6dd4d065d45357d86cd91a01b55b6582aa620b956d56c7be4cacfd851cbf9438663f87aafeb16029ed70e10dbe7f313deab10fae142f166350
  languageName: node
  linkType: hard

"@webassemblyjs/wasm-parser@npm:1.11.1":
  version: 1.11.1
  resolution: "@webassemblyjs/wasm-parser@npm:1.11.1"
  dependencies:
    "@webassemblyjs/ast": 1.11.1
    "@webassemblyjs/helper-api-error": 1.11.1
    "@webassemblyjs/helper-wasm-bytecode": 1.11.1
    "@webassemblyjs/ieee754": 1.11.1
    "@webassemblyjs/leb128": 1.11.1
    "@webassemblyjs/utf8": 1.11.1
  checksum: 9f4833a97328a8cbb94154cd05ac55933449e2a770f13a306983bcbfd9a022464b6ada3e9c427ee9f76dc97e06a3bd2e629617696c4d0ead2c6bf7749a43de79
  languageName: node
  linkType: hard

"@webassemblyjs/wast-printer@npm:1.11.1":
  version: 1.11.1
  resolution: "@webassemblyjs/wast-printer@npm:1.11.1"
  dependencies:
    "@webassemblyjs/ast": 1.11.1
    "@xtuc/long": 4.2.2
  checksum: 0a1031a73a032e5649a36f1a3e18470ddbac13d8bcaa99ecaa3b50706d02e1ba55a3fff15df8773179fd20b130ce425d1825bfe2d4084d55f8b729766e5220d8
  languageName: node
  linkType: hard

"@xtuc/ieee754@npm:^1.2.0":
  version: 1.2.0
  resolution: "@xtuc/ieee754@npm:1.2.0"
  checksum: 65bb9c55a054e2d79bf2a8c4ea23a962bd23f654b84532f3555d158d06dedf1603a4131a2f685cad988e582824ef7b8179918e894537be9626ea357f8ea60a63
  languageName: node
  linkType: hard

"@xtuc/long@npm:4.2.2":
  version: 4.2.2
  resolution: "@xtuc/long@npm:4.2.2"
  checksum: ec09a359f98e9f8c47bf6c965e73b520a1a65e93f1febf6472babc8b6b0b425a2084452be103da5be11aec8c502ecfa29400713d55ef774579d04f691db44a2d
  languageName: node
  linkType: hard

"acorn-import-assertions@npm:^1.7.6":
  version: 1.8.0
  resolution: "acorn-import-assertions@npm:1.8.0"
  peerDependencies:
    acorn: ^8
  checksum: 02fc3a843eccaa7060de676268c9953b829ebb005f15ea76d9eeb67b69ca6b4a30befbdaec323113be72ddae8353fb14f12b79f6206d5302f43c5eb8325b573a
  languageName: node
  linkType: hard

"acorn@npm:^8.4.1, acorn@npm:^8.5.0":
  version: 8.7.0
  resolution: "acorn@npm:8.7.0"
  bin:
    acorn: bin/acorn
  checksum: d7839c37c6038e5f1b7d1aca9756d52d405a6f1287822574f98e7fada1413bd73cdb57d1e23bd3091ab00bf3b3584cf742f0b59fb77bcaf03d4875870156a801
  languageName: node
  linkType: hard

"ajv-keywords@npm:^3.5.2":
  version: 3.5.2
  resolution: "ajv-keywords@npm:3.5.2"
  peerDependencies:
    ajv: ^6.9.1
  checksum: 01f26c292304870c03a1cd14fc1ddcf7c713a05611a122c5193694d4050063d5fba46cbf8b5b2ebde364166fddd3c2e0abdcd97df655b7a7fbb3e6634eeb056a
  languageName: node
  linkType: hard

"ajv@npm:^6.12.5":
  version: 6.12.6
  resolution: "ajv@npm:6.12.6"
  dependencies:
    fast-deep-equal: ^3.1.1
    fast-json-stable-stringify: ^2.0.0
    json-schema-traverse: ^0.4.1
    uri-js: ^4.2.2
  checksum: 19a8f3b0a06001eb68e6268f4f9f04424b32baadd5df6ba8292cd473e22e5f4019ed9ab17c3e3510394178ed8bef9b42ad0bdb5c675d65f042421a774780ce1a
  languageName: node
  linkType: hard

"browserslist@npm:^4.14.5":
  version: 4.20.2
  resolution: "browserslist@npm:4.20.2"
  dependencies:
    caniuse-lite: ^1.0.30001317
    electron-to-chromium: ^1.4.84
    escalade: ^3.1.1
    node-releases: ^2.0.2
    picocolors: ^1.0.0
  bin:
    browserslist: cli.js
  checksum: 74cf9470a84468d8f505a73a924a10f3fc2eca232a985a719e1f69872ec09aa29c1527c2f5802949c744fa3d7d83f3eb54b7eaaa1826cdd19e8d00f11589e6ff
  languageName: node
  linkType: hard

"buffer-from@npm:^1.0.0":
  version: 1.1.2
  resolution: "buffer-from@npm:1.1.2"
  checksum: 7fc23157b401b3c67304a32c8b7adbfd259b4f0c99f10098035fed46247d09feee7dbc05365960b99e1ad50406518d51084f4ea2c692e9359f9b411b4942ca37
  languageName: node
  linkType: hard

"caniuse-lite@npm:^1.0.30001317":
  version: 1.0.30001332
  resolution: "caniuse-lite@npm:1.0.30001332"
  checksum: 34659ff117e4ecb618b1a7edd4cc1a5542b45fa93e2bbfc7f65b106f35e6b6464b6806c70219b1b544f4a33d5b1e52750ee879a36f0d80622d267b95b7efcfe0
  languageName: node
  linkType: hard

"chrome-trace-event@npm:^1.0.2":
  version: 1.0.3
  resolution: "chrome-trace-event@npm:1.0.3"
  checksum: 0420a2d7eaf675c3fed5170ba52ea8e8b24654891a9efe398b90375c77558ef5612aa672bdd71d2cbcd6d97ca6461919834b879a2b223f8a6d86c1e1c756855c
  languageName: node
  linkType: hard

"commander@npm:^2.20.0":
  version: 2.20.3
  resolution: "commander@npm:2.20.3"
  checksum: b73428e97de7624323f81ba13f8ed9271de487017432d18b4da3f07cfc528ad754bbd199004bd5d14e0ccd67d1fdfe0ec8dbbd4c438b401df3c4cc387bfd1daa
  languageName: node
  linkType: hard

"electron-to-chromium@npm:^1.4.84":
  version: 1.4.118
  resolution: "electron-to-chromium@npm:1.4.118"
  checksum: b706aa7a876a5c719bad812d528250c5a0702bb2d1b8627c4a48f1d61870030225c3d9590ef94f7dee758d4c5668f9d77f8608d22bb3e7b46fa6936566d54352
  languageName: node
  linkType: hard

"enhanced-resolve@npm:^5.9.0":
  version: 5.9.3
  resolution: "enhanced-resolve@npm:5.9.3"
  dependencies:
    graceful-fs: ^4.2.4
    tapable: ^2.2.0
  checksum: 987b92f46f0fc1312a3c725b53c4f5ab2555a362a80b6d223791138980b5923da2e603b0f360e852728235d8bafdc2dc317d3b5202eda56f293f327347325689
  languageName: node
  linkType: hard

"es-module-lexer@npm:^0.9.0":
  version: 0.9.3
  resolution: "es-module-lexer@npm:0.9.3"
  checksum: e55280100e7bdd4652b14c70b6e4472cf60a841987e04af7df6bd1ce4ed4be58adca7b786096627b4b31a04c0cd0d9a0299ea4bd0100f62282ac7b06a2074af6
  languageName: node
  linkType: hard

"escalade@npm:^3.1.1":
  version: 3.1.1
  resolution: "escalade@npm:3.1.1"
  checksum: 1e31ff50d66f47cd0dfffa702061127116ccf9886d1f54a802a7b3bc95b94cab0cbf5b145cc5ac199036df6fd9d1bb24af1fa1bfed87c94879e950fbee5f86d1
  languageName: node
  linkType: hard

"eslint-scope@npm:5.1.1":
  version: 5.1.1
  resolution: "eslint-scope@npm:5.1.1"
  dependencies:
    esrecurse: ^4.3.0
    estraverse: ^4.1.1
  checksum: 79465cf5082f4216176f6d49c7d088de89ee890f912eb87b831f23ee9a5e17ed0f3f2ab6108fb8fefa0474ba5ebeaa9bdefbe49ba704bd879b73f2445e23ee10
  languageName: node
  linkType: hard

"esrecurse@npm:^4.3.0":
  version: 4.3.0
  resolution: "esrecurse@npm:4.3.0"
  dependencies:
    estraverse: ^5.2.0
  checksum: 2c96302dd5c4e6d07154d0ce6baee9e829ebf77e21c50c5ca4f24d6d0006fe4a4582364624a01f5667a3633b3e39bbce1a8191924f8419fb71584bb45bf7bb81
  languageName: node
  linkType: hard

"estraverse@npm:^4.1.1":
  version: 4.3.0
  resolution: "estraverse@npm:4.3.0"
  checksum: 1e4c627da9e9af07bf7b2817320f606841808fb2ec0cbd81097b30d5f90d8613288b3e523153babe04615d59b54ef876d98f0ca27488b6c0934dacd725a8d338
  languageName: node
  linkType: hard

"estraverse@npm:^5.2.0":
  version: 5.3.0
  resolution: "estraverse@npm:5.3.0"
  checksum: b48b7578cc824853194540b4cd90a38b5928e1540c66767096e61a42f6f60023ae4ee823e725bbe4dfb4f5775e76e0b4a2dd6c804fb035424c03cbfb806fa1fa
  languageName: node
  linkType: hard

"events@npm:^3.2.0":
  version: 3.3.0
  resolution: "events@npm:3.3.0"
  checksum: 56fa12567013e85b98782a1d971442ea29df057129d8a94432711fd68303357594ea37bfbe234860e28581a7768f943a8bea88c16b48aa01b96acf804bc01d52
  languageName: node
  linkType: hard

"fast-deep-equal@npm:^3.1.1":
  version: 3.1.3
  resolution: "fast-deep-equal@npm:3.1.3"
  checksum: 451526766b219503131d11e823eaadd1533080b0be4860e316670b039dcaf31cd1007c2fe036a9b922abba7c040dfad5e942ed79d21f2ff849e50049f36e0fb7
  languageName: node
  linkType: hard

"fast-json-stable-stringify@npm:^2.0.0":
  version: 2.1.0
  resolution: "fast-json-stable-stringify@npm:2.1.0"
  checksum: 7df3fabfe445d65953b2d9d9d3958bd895438b215a40fb87dae8b2165c5169a897785eb5d51e6cf0eb03523af756e3d82ea01083f6ac6341fe16db532fee3016
  languageName: node
  linkType: hard

"glob-to-regexp@npm:^0.4.1":
  version: 0.4.1
  resolution: "glob-to-regexp@npm:0.4.1"
  checksum: 6093c15d9f92d010998dd7cc7a5ba4e74eea83878d3f8c2616c6935dab9a79bf31ca7ddc214604b84a87c65b9e51481221e325be68f5fe6db8ed27dc76a5230f
  languageName: node
  linkType: hard

"graceful-fs@npm:^4.1.2, graceful-fs@npm:^4.2.4, graceful-fs@npm:^4.2.9":
  version: 4.2.10
  resolution: "graceful-fs@npm:4.2.10"
  checksum: f86679a8a53da3d8f10fd9c81a4e22f8064adf56e10a6fdb6a6aa5e6d05fea0067a99e9959c4b939b4a9c39dad02775d977bff4da9fff07d557aea840f72f0e8
  languageName: node
  linkType: hard

"has-flag@npm:^4.0.0":
  version: 4.0.0
  resolution: "has-flag@npm:4.0.0"
  checksum: 2e5391139d3d287231ccb58659702392f6e3abeac3296fb4721afaff46493f3d9b99a9329ae015dfe973aa206ed5c75f43e86aec0267dce79aa5c2b6e811b3ad
  languageName: node
  linkType: hard

"jest-worker@npm:^27.4.5":
  version: 27.5.1
  resolution: "jest-worker@npm:27.5.1"
  dependencies:
    "@types/node": "*"
    merge-stream: ^2.0.0
    supports-color: ^8.0.0
  checksum: 1930798552f62f2e2833def2329c6057804bea444dd434e45255ed6af4dedbb5a381445883acee0cc09c6e09efc757fbd9f5f1f491125f72276aae0d1e472105
  languageName: node
  linkType: hard

"json-parse-better-errors@npm:^1.0.2":
  version: 1.0.2
  resolution: "json-parse-better-errors@npm:1.0.2"
  checksum: b4c4f0e43b43892af887db742b26f9aa6302b09cd5f6e655ead49fca9f47f3cdd300dcf98cf5218778262be51d7b29859221206fc98b87a1a61c5af7618dae89
  languageName: node
  linkType: hard

"json-schema-traverse@npm:^0.4.1":
  version: 0.4.1
  resolution: "json-schema-traverse@npm:0.4.1"
  checksum: 6f71bddba38aa043cf9c05ff9cf37158a6657909f1dd37032ba164b76923da47a17bb4592ee4f7f9c029dfaf26965b821ac214c1f991bb3bd038c9cfea2da50b
  languageName: node
  linkType: hard

"loader-runner@npm:^4.2.0":
  version: 4.3.0
  resolution: "loader-runner@npm:4.3.0"
  checksum: c2ef7e094bc5c048d1cebf256451b2c4e5c51f5d3bd1d6792413d3b2cc6f85665abcdf24fe9e0dbf6409693f12b77d6e82161878d2f3959b8f06e2dfb8bdc07f
  languageName: node
  linkType: hard

"merge-stream@npm:^2.0.0":
  version: 2.0.0
  resolution: "merge-stream@npm:2.0.0"
  checksum: cde834809a0e65485e474de3162af9853ab2a07977fd36d328947b7b3e6207df719ffb115b11085ecc570501e15a2aa8bacd772ac53f77873f53b0626e52a39a
  languageName: node
  linkType: hard

"mime-db@npm:1.52.0":
  version: 1.52.0
  resolution: "mime-db@npm:1.52.0"
  checksum: cfa3f12a40091755ec89f2fb50d361952acf2d9acb72b8cfc5b1c1a8581fa1b906929410db8ab834f9d8dd913fe0083e58900d6b8570803b42cf16499ed57b08
  languageName: node
  linkType: hard

"mime-types@npm:^2.1.27":
  version: 2.1.35
  resolution: "mime-types@npm:2.1.35"
  dependencies:
    mime-db: 1.52.0
  checksum: 1cbad57696e48f729add20e242f03f8b956a42a3e6e2ecd3ff74fe50ad8308d175961f88e117996dd5ec96b2d64ec69646206ddfc3dae02a629b6b2129e5e30c
  languageName: node
  linkType: hard

"neo-async@npm:^2.6.2":
  version: 2.6.2
  resolution: "neo-async@npm:2.6.2"
  checksum: 34a8f5309135be258a97082af810ea43700a3e0121e7b1ea31b3e22e2663d7c0d502cd949abb6d1ab8c11abfd04500ee61721ec5408b2d4bef8105241fd8a4c2
  languageName: node
  linkType: hard

"node-releases@npm:^2.0.2":
  version: 2.0.3
  resolution: "node-releases@npm:2.0.3"
  checksum: 728ed8498460e762f70394ba2c3ebf2c1bf1a04caa5b2ce182a302f6c788af91ee1986200edf07bd6ad5d1fd2d9de1ebedb4baf369c22b0511c3ea50f7fc06b3
  languageName: node
  linkType: hard

"picocolors@npm:^1.0.0":
  version: 1.0.0
  resolution: "picocolors@npm:1.0.0"
  checksum: 6616d34dd03bde8881c63402dea34f0b5972845b04b791b234446d4a408bc3d7f932acea3970a6b671d8f5c5aae1b1ce9fc1f89b0ed9a363469cf9da8e916b71
  languageName: node
  linkType: hard

"punycode@npm:^2.1.0":
  version: 2.1.1
  resolution: "punycode@npm:2.1.1"
  checksum: 0202dc191cb35bfd88870ac99a1e824b03486d4cee20b543ef337a6dee8d8b11017da32a3e4c40b69b19976e982c030b62bd72bba42884acb691bc5ef91354c8
  languageName: node
  linkType: hard

"randombytes@npm:^2.1.0":
  version: 2.1.0
  resolution: "randombytes@npm:2.1.0"
  dependencies:
    safe-buffer: ^5.1.0
  checksum: ede2693af09732ceab1c273dd70db787f34a7b8d95bab13f1aca763483c0113452a78e53d61ff18d393dcea586d388e01f198a5132a4a85cebba31ec54164b75
  languageName: node
  linkType: hard

"renovate-yarn-corepack-v2@workspace:.":
  version: 0.0.0-use.local
  resolution: "renovate-yarn-corepack-v2@workspace:."
  dependencies:
    webpack: 5.69.0
  languageName: unknown
  linkType: soft

"safe-buffer@npm:^5.1.0":
  version: 5.2.1
  resolution: "safe-buffer@npm:5.2.1"
  checksum: 0bb57f0d8f9d1fa4fe35ad8a2db1f83a027d48f2822d59ede88fd5cd4ddad83c0b497213feb7a70fbf90597a70c5217f735b0eb1850df40ce9b4ae81dd22b3f9
  languageName: node
  linkType: hard

"schema-utils@npm:^3.1.0, schema-utils@npm:^3.1.1":
  version: 3.1.1
  resolution: "schema-utils@npm:3.1.1"
  dependencies:
    "@types/json-schema": ^7.0.8
    ajv: ^6.12.5
    ajv-keywords: ^3.5.2
  checksum: c4f4c4c511a07ac7a0be5bf1da60b1756753effc3ff9c1f5153b0238f7e293aa4494466fb436b0a778d63e70e8e6b2cd6ac1d7a1cce176dde6e3f3e3a31d2962
  languageName: node
  linkType: hard

"serialize-javascript@npm:^6.0.0":
  version: 6.0.0
  resolution: "serialize-javascript@npm:6.0.0"
  dependencies:
    randombytes: ^2.1.0
  checksum: e086a40bfcb9d341c37a4e52bc200d143b54397cf1bb486f38cd40cdbaac4b82437d981472df94dbcff6334269e0d82daffbd6b75dd50fe54a5a5da2273f2360
  languageName: node
  linkType: hard

"source-map-support@npm:~0.5.20":
  version: 0.5.21
  resolution: "source-map-support@npm:0.5.21"
  dependencies:
    buffer-from: ^1.0.0
    source-map: ^0.6.0
  checksum: b4eba15575b07ae384c0094e76703bcfd367487ae87a4e4632880b661ca0d2efb76012cb827904866f2524869f2f1e307c9ebc72fd420ffd0b6f195d9c9ad4bd
  languageName: node
  linkType: hard

"source-map@npm:^0.6.0, source-map@npm:^0.6.1":
  version: 0.6.1
  resolution: "source-map@npm:0.6.1"
  checksum: 8647829a0611724114022be455ca1c8a2c8ae61df81c5b3667d9b398207226a1e21174fb7bbf0b4dbeb27ac358222afb5a14f1c74a62a62b8883b012e5eb1270
  languageName: node
  linkType: hard

"source-map@npm:~0.7.2":
  version: 0.7.3
  resolution: "source-map@npm:0.7.3"
  checksum: 351ce26ffa1ebf203660c0d70d7566c81e65d2d994d1c2d94da140808e02da34961673ce12ecea9b40797b96fbeb8c70bf71a4ad9f779f1a4fdbba75530bb386
  languageName: node
  linkType: hard

"supports-color@npm:^8.0.0":
  version: 8.1.1
  resolution: "supports-color@npm:8.1.1"
  dependencies:
    has-flag: ^4.0.0
  checksum: 0219f5c91753fea8dc8046cd4b18d39458b5dc0c6421c67c1072209faae9ba93b89283252e3b05d5c18901fd9f8b95001e3247fb93e2265f66d584a676522c75
  languageName: node
  linkType: hard

"tapable@npm:^2.1.1, tapable@npm:^2.2.0":
  version: 2.2.1
  resolution: "tapable@npm:2.2.1"
  checksum: 41089367e2dfde0825ec2cf273388eff6d8d9f8c5560f9e4547decd6e1527743e45d577ad9f03b67719ed270b19b6f428759a615316fd2dfdd337f622abbc0ad
  languageName: node
  linkType: hard

"terser-webpack-plugin@npm:^5.1.3":
  version: 5.3.1
  resolution: "terser-webpack-plugin@npm:5.3.1"
  dependencies:
    jest-worker: ^27.4.5
    schema-utils: ^3.1.1
    serialize-javascript: ^6.0.0
    source-map: ^0.6.1
    terser: ^5.7.2
  peerDependencies:
    webpack: ^5.1.0
  peerDependenciesMeta:
    "@swc/core":
      optional: true
    esbuild:
      optional: true
    uglify-js:
      optional: true
  checksum: 4325c75d3e0fb57d1ee71270e66bc3cb3b1c56dd6fb5b5db48227250508cb09633c7b5e7c4b2074b88844d205912464f2c94499bf2fabffc90ae3fac38992cae
  languageName: node
  linkType: hard

"terser@npm:^5.7.2":
  version: 5.12.1
  resolution: "terser@npm:5.12.1"
  dependencies:
    acorn: ^8.5.0
    commander: ^2.20.0
    source-map: ~0.7.2
    source-map-support: ~0.5.20
  bin:
    terser: bin/terser
  checksum: 0bb24acc81c4b9179f217c576fa8beaa783179533828101d50778df96bc3eb01fa08a79fb4161ee2df5a03950e264997f172f0b413cce4eef642a9531c681dde
  languageName: node
  linkType: hard

"uri-js@npm:^4.2.2":
  version: 4.4.1
  resolution: "uri-js@npm:4.4.1"
  dependencies:
    punycode: ^2.1.0
  checksum: 7d8ae8e2d7b82480d7d337f3e53c9a89ffdc7ebb1c31f212da3df6349f2fd1e6a4361f5fb27369ecab33fa37aa85edc53aec6eb7c9a7c3207a9e0944e8c48802
  languageName: node
  linkType: hard

"watchpack@npm:^2.3.1":
  version: 2.3.1
  resolution: "watchpack@npm:2.3.1"
  dependencies:
    glob-to-regexp: ^0.4.1
    graceful-fs: ^4.1.2
  checksum: 6e046864ddedef821804aaad56cf8b029dc4e16536da17b6a2d48301e7e9c6d6acbfd9c880f8965c759a27de9095e731a13f4d92607f2990bbc2b448a026b836
  languageName: node
  linkType: hard

"webpack-sources@npm:^3.2.3":
  version: 3.2.3
  resolution: "webpack-sources@npm:3.2.3"
  checksum: aac02eb6759647fe681f47cf81056e03cde27440da5c3cef6d67e76eed29c372a02831af6333e9f3ca2fd08914f6e1c123dc2154063f2ac08ee89021ff503f05
  languageName: node
  linkType: hard

"webpack@npm:5.69.0":
  version: 5.69.0
  resolution: "webpack@npm:5.69.0"
  dependencies:
    "@types/eslint-scope": ^3.7.3
    "@types/estree": ^0.0.51
    "@webassemblyjs/ast": 1.11.1
    "@webassemblyjs/wasm-edit": 1.11.1
    "@webassemblyjs/wasm-parser": 1.11.1
    acorn: ^8.4.1
    acorn-import-assertions: ^1.7.6
    browserslist: ^4.14.5
    chrome-trace-event: ^1.0.2
    enhanced-resolve: ^5.9.0
    es-module-lexer: ^0.9.0
    eslint-scope: 5.1.1
    events: ^3.2.0
    glob-to-regexp: ^0.4.1
    graceful-fs: ^4.2.9
    json-parse-better-errors: ^1.0.2
    loader-runner: ^4.2.0
    mime-types: ^2.1.27
    neo-async: ^2.6.2
    schema-utils: ^3.1.0
    tapable: ^2.1.1
    terser-webpack-plugin: ^5.1.3
    watchpack: ^2.3.1
    webpack-sources: ^3.2.3
  peerDependenciesMeta:
    webpack-cli:
      optional: true
  bin:
    webpack: bin/webpack.js
  checksum: e5030b32955c53c1ee5f9a5317844572d042fc5f08f33667c3d62c638e97b684c2cf53c368463fa1e3ba04a71a9415c02b6e0be47bca150c3bc50069bfda389b
  languageName: node
  linkType: hard
